// !$*UTF8*$!
{
	archiveVersion = 1;
	classes = {
	};
	objectVersion = 55;
	objects = {

/* Begin PBXBuildFile section */
		507F3CC827CD409800695D3E /* Example.swift in Sources */ = {isa = PBXBuildFile; fileRef = 507F3CC727CD409800695D3E /* Example.swift */; };
		50C5B9D627CAFABD000A05CF /* Cxx.cpp in Sources */ = {isa = PBXBuildFile; fileRef = 50C5B9D427CAFABD000A05CF /* Cxx.cpp */; };
		50EBA0DA27C9C26C00D09E90 /* AppDelegate.swift in Sources */ = {isa = PBXBuildFile; fileRef = 50EBA0D927C9C26C00D09E90 /* AppDelegate.swift */; };
		50EBA0DC27C9C26C00D09E90 /* SceneDelegate.swift in Sources */ = {isa = PBXBuildFile; fileRef = 50EBA0DB27C9C26C00D09E90 /* SceneDelegate.swift */; };
		50EBA0DE27C9C26C00D09E90 /* ViewController.swift in Sources */ = {isa = PBXBuildFile; fileRef = 50EBA0DD27C9C26C00D09E90 /* ViewController.swift */; };
		50EBA0E127C9C26C00D09E90 /* Main.storyboard in Resources */ = {isa = PBXBuildFile; fileRef = 50EBA0DF27C9C26C00D09E90 /* Main.storyboard */; };
		50EBA0E327C9C26F00D09E90 /* Assets.xcassets in Resources */ = {isa = PBXBuildFile; fileRef = 50EBA0E227C9C26F00D09E90 /* Assets.xcassets */; };
		50EBA0E627C9C26F00D09E90 /* LaunchScreen.storyboard in Resources */ = {isa = PBXBuildFile; fileRef = 50EBA0E427C9C26F00D09E90 /* LaunchScreen.storyboard */; };
/* End PBXBuildFile section */

/* Begin PBXFileReference section */
		507F3CC727CD409800695D3E /* Example.swift */ = {isa = PBXFileReference; lastKnownFileType = sourcecode.swift; path = Example.swift; sourceTree = "<group>"; };
		50C5B9C527CAE0CE000A05CF /* CxxIOSInterop.xcodeproj */ = {isa = PBXFileReference; lastKnownFileType = "wrapper.pb-project"; path = CxxIOSInterop.xcodeproj; sourceTree = "<group>"; };
		50C5B9CE27CAF8E7000A05CF /* libc++.1.tbd */ = {isa = PBXFileReference; lastKnownFileType = "sourcecode.text-based-dylib-definition"; name = "libc++.1.tbd"; path = "usr/lib/libc++.1.tbd"; sourceTree = SDKROOT; };
		50C5B9D027CAF8F8000A05CF /* libc++abi.tbd */ = {isa = PBXFileReference; lastKnownFileType = "sourcecode.text-based-dylib-definition"; name = "libc++abi.tbd"; path = "usr/lib/libc++abi.tbd"; sourceTree = SDKROOT; };
		50C5B9D227CAF905000A05CF /* libc++.tbd */ = {isa = PBXFileReference; lastKnownFileType = "sourcecode.text-based-dylib-definition"; name = "libc++.tbd"; path = "usr/lib/libc++.tbd"; sourceTree = SDKROOT; };
		50C5B9D427CAFABD000A05CF /* Cxx.cpp */ = {isa = PBXFileReference; lastKnownFileType = sourcecode.cpp.cpp; path = Cxx.cpp; sourceTree = "<group>"; };
		50C5B9D527CAFABD000A05CF /* Cxx.hpp */ = {isa = PBXFileReference; lastKnownFileType = sourcecode.cpp.h; path = Cxx.hpp; sourceTree = "<group>"; };
		50C5B9D727CAFB12000A05CF /* module.modulemap */ = {isa = PBXFileReference; lastKnownFileType = "sourcecode.module-map"; path = module.modulemap; sourceTree = "<group>"; };
		50EBA0D627C9C26C00D09E90 /* CxxIOSInterop.app */ = {isa = PBXFileReference; explicitFileType = wrapper.application; includeInIndex = 0; path = CxxIOSInterop.app; sourceTree = BUILT_PRODUCTS_DIR; };
		50EBA0D927C9C26C00D09E90 /* AppDelegate.swift */ = {isa = PBXFileReference; lastKnownFileType = sourcecode.swift; path = AppDelegate.swift; sourceTree = "<group>"; };
		50EBA0DB27C9C26C00D09E90 /* SceneDelegate.swift */ = {isa = PBXFileReference; lastKnownFileType = sourcecode.swift; path = SceneDelegate.swift; sourceTree = "<group>"; };
		50EBA0DD27C9C26C00D09E90 /* ViewController.swift */ = {isa = PBXFileReference; lastKnownFileType = sourcecode.swift; path = ViewController.swift; sourceTree = "<group>"; };
		50EBA0E027C9C26C00D09E90 /* Base */ = {isa = PBXFileReference; lastKnownFileType = file.storyboard; name = Base; path = Base.lproj/Main.storyboard; sourceTree = "<group>"; };
		50EBA0E227C9C26F00D09E90 /* Assets.xcassets */ = {isa = PBXFileReference; lastKnownFileType = folder.assetcatalog; path = Assets.xcassets; sourceTree = "<group>"; };
		50EBA0E527C9C26F00D09E90 /* Base */ = {isa = PBXFileReference; lastKnownFileType = file.storyboard; name = Base; path = Base.lproj/LaunchScreen.storyboard; sourceTree = "<group>"; };
		50EBA0E727C9C26F00D09E90 /* Info.plist */ = {isa = PBXFileReference; lastKnownFileType = text.plist.xml; path = Info.plist; sourceTree = "<group>"; };
		50EBA0F527C9C9A200D09E90 /* CxxIOSInterop-Bridging-Header.h */ = {isa = PBXFileReference; lastKnownFileType = sourcecode.c.h; path = "CxxIOSInterop-Bridging-Header.h"; sourceTree = "<group>"; };
/* End PBXFileReference section */

/* Begin PBXFrameworksBuildPhase section */
		50EBA0D327C9C26C00D09E90 /* Frameworks */ = {
			isa = PBXFrameworksBuildPhase;
			buildActionMask = 2147483647;
			files = (
			);
			runOnlyForDeploymentPostprocessing = 0;
		};
/* End PBXFrameworksBuildPhase section */

/* Begin PBXGroup section */
		505B5DB827CAE0770008AAB2 /* Frameworks */ = {
			isa = PBXGroup;
			children = (
				50C5B9D227CAF905000A05CF /* libc++.tbd */,
				50C5B9D027CAF8F8000A05CF /* libc++abi.tbd */,
				50C5B9CE27CAF8E7000A05CF /* libc++.1.tbd */,
				50C5B9C527CAE0CE000A05CF /* CxxIOSInterop.xcodeproj */,
			);
			name = Frameworks;
			sourceTree = "<group>";
		};
		50C5B9C627CAE0CE000A05CF /* Products */ = {
			isa = PBXGroup;
			name = Products;
			sourceTree = "<group>";
		};
		50EBA0CD27C9C26C00D09E90 = {
			isa = PBXGroup;
			children = (
				50EBA0D827C9C26C00D09E90 /* CxxIOSInterop */,
				50EBA0D727C9C26C00D09E90 /* Products */,
				505B5DB827CAE0770008AAB2 /* Frameworks */,
			);
			sourceTree = "<group>";
		};
		50EBA0D727C9C26C00D09E90 /* Products */ = {
			isa = PBXGroup;
			children = (
				50EBA0D627C9C26C00D09E90 /* CxxIOSInterop.app */,
			);
			name = Products;
			sourceTree = "<group>";
		};
		50EBA0D827C9C26C00D09E90 /* CxxIOSInterop */ = {
			isa = PBXGroup;
			children = (
				50EBA0D927C9C26C00D09E90 /* AppDelegate.swift */,
				50EBA0DB27C9C26C00D09E90 /* SceneDelegate.swift */,
				50EBA0DD27C9C26C00D09E90 /* ViewController.swift */,
				507F3CC727CD409800695D3E /* Example.swift */,
				50EBA0F427C9C99000D09E90 /* Cxx */,
				50EBA0F527C9C9A200D09E90 /* CxxIOSInterop-Bridging-Header.h */,
				50EBA0DF27C9C26C00D09E90 /* Main.storyboard */,
				50EBA0E427C9C26F00D09E90 /* LaunchScreen.storyboard */,
				50EBA0E227C9C26F00D09E90 /* Assets.xcassets */,
				50EBA0E727C9C26F00D09E90 /* Info.plist */,
			);
			path = CxxIOSInterop;
			sourceTree = "<group>";
		};
		50EBA0F427C9C99000D09E90 /* Cxx */ = {
			isa = PBXGroup;
			children = (
				50C5B9D427CAFABD000A05CF /* Cxx.cpp */,
				50C5B9D527CAFABD000A05CF /* Cxx.hpp */,
				50C5B9D727CAFB12000A05CF /* module.modulemap */,
			);
			path = Cxx;
			sourceTree = "<group>";
		};
/* End PBXGroup section */

/* Begin PBXNativeTarget section */
		50EBA0D527C9C26C00D09E90 /* CxxIOSInterop */ = {
			isa = PBXNativeTarget;
			buildConfigurationList = 50EBA0EA27C9C26F00D09E90 /* Build configuration list for PBXNativeTarget "CxxIOSInterop" */;
			buildPhases = (
				50EBA0D227C9C26C00D09E90 /* Sources */,
				50EBA0D327C9C26C00D09E90 /* Frameworks */,
				50EBA0D427C9C26C00D09E90 /* Resources */,
			);
			buildRules = (
			);
			dependencies = (
			);
			name = CxxIOSInterop;
			productName = CxxIOSInterop;
			productReference = 50EBA0D627C9C26C00D09E90 /* CxxIOSInterop.app */;
			productType = "com.apple.product-type.application";
		};
/* End PBXNativeTarget section */

/* Begin PBXProject section */
		50EBA0CE27C9C26C00D09E90 /* Project object */ = {
			isa = PBXProject;
			attributes = {
				BuildIndependentTargetsInParallel = 1;
				LastSwiftUpdateCheck = 1320;
				LastUpgradeCheck = 1320;
				TargetAttributes = {
					50EBA0D527C9C26C00D09E90 = {
						CreatedOnToolsVersion = 13.2.1;
						LastSwiftMigration = 1320;
					};
				};
			};
			buildConfigurationList = 50EBA0D127C9C26C00D09E90 /* Build configuration list for PBXProject "CxxIOSInterop" */;
			compatibilityVersion = "Xcode 13.0";
			developmentRegion = en;
			hasScannedForEncodings = 0;
			knownRegions = (
				en,
				Base,
			);
			mainGroup = 50EBA0CD27C9C26C00D09E90;
			productRefGroup = 50EBA0D727C9C26C00D09E90 /* Products */;
			projectDirPath = "";
			projectReferences = (
				{
					ProductGroup = 50C5B9C627CAE0CE000A05CF /* Products */;
					ProjectRef = 50C5B9C527CAE0CE000A05CF /* CxxIOSInterop.xcodeproj */;
				},
			);
			projectRoot = "";
			targets = (
				50EBA0D527C9C26C00D09E90 /* CxxIOSInterop */,
			);
		};
/* End PBXProject section */

/* Begin PBXResourcesBuildPhase section */
		50EBA0D427C9C26C00D09E90 /* Resources */ = {
			isa = PBXResourcesBuildPhase;
			buildActionMask = 2147483647;
			files = (
				50EBA0E627C9C26F00D09E90 /* LaunchScreen.storyboard in Resources */,
				50EBA0E327C9C26F00D09E90 /* Assets.xcassets in Resources */,
				50EBA0E127C9C26C00D09E90 /* Main.storyboard in Resources */,
			);
			runOnlyForDeploymentPostprocessing = 0;
		};
/* End PBXResourcesBuildPhase section */

/* Begin PBXSourcesBuildPhase section */
		50EBA0D227C9C26C00D09E90 /* Sources */ = {
			isa = PBXSourcesBuildPhase;
			buildActionMask = 2147483647;
			files = (
				50EBA0DE27C9C26C00D09E90 /* ViewController.swift in Sources */,
				50EBA0DA27C9C26C00D09E90 /* AppDelegate.swift in Sources */,
				50EBA0DC27C9C26C00D09E90 /* SceneDelegate.swift in Sources */,
				50C5B9D627CAFABD000A05CF /* Cxx.cpp in Sources */,
				507F3CC827CD409800695D3E /* Example.swift in Sources */,
			);
			runOnlyForDeploymentPostprocessing = 0;
		};
/* End PBXSourcesBuildPhase section */

/* Begin PBXVariantGroup section */
		50EBA0DF27C9C26C00D09E90 /* Main.storyboard */ = {
			isa = PBXVariantGroup;
			children = (
				50EBA0E027C9C26C00D09E90 /* Base */,
			);
			name = Main.storyboard;
			sourceTree = "<group>";
		};
		50EBA0E427C9C26F00D09E90 /* LaunchScreen.storyboard */ = {
			isa = PBXVariantGroup;
			children = (
				50EBA0E527C9C26F00D09E90 /* Base */,
			);
			name = LaunchScreen.storyboard;
			sourceTree = "<group>";
		};
/* End PBXVariantGroup section */

/* Begin XCBuildConfiguration section */
		50EBA0E827C9C26F00D09E90 /* Debug */ = {
			isa = XCBuildConfiguration;
			buildSettings = {
				ALWAYS_SEARCH_USER_PATHS = NO;
				ARCHS = "$(ARCHS_STANDARD)";
				CLANG_ANALYZER_NONNULL = YES;
				CLANG_ANALYZER_NUMBER_OBJECT_CONVERSION = YES_AGGRESSIVE;
				CLANG_CXX_LANGUAGE_STANDARD = "gnu++17";
				CLANG_CXX_LIBRARY = "libc++";
				CLANG_ENABLE_MODULES = YES;
				CLANG_ENABLE_OBJC_ARC = YES;
				CLANG_ENABLE_OBJC_WEAK = YES;
				CLANG_WARN_BLOCK_CAPTURE_AUTORELEASING = YES;
				CLANG_WARN_BOOL_CONVERSION = YES;
				CLANG_WARN_COMMA = YES;
				CLANG_WARN_CONSTANT_CONVERSION = YES;
				CLANG_WARN_DEPRECATED_OBJC_IMPLEMENTATIONS = YES;
				CLANG_WARN_DIRECT_OBJC_ISA_USAGE = YES_ERROR;
				CLANG_WARN_DOCUMENTATION_COMMENTS = YES;
				CLANG_WARN_EMPTY_BODY = YES;
				CLANG_WARN_ENUM_CONVERSION = YES;
				CLANG_WARN_INFINITE_RECURSION = YES;
				CLANG_WARN_INT_CONVERSION = YES;
				CLANG_WARN_NON_LITERAL_NULL_CONVERSION = YES;
				CLANG_WARN_OBJC_IMPLICIT_RETAIN_SELF = YES;
				CLANG_WARN_OBJC_LITERAL_CONVERSION = YES;
				CLANG_WARN_OBJC_ROOT_CLASS = YES_ERROR;
				CLANG_WARN_QUOTED_INCLUDE_IN_FRAMEWORK_HEADER = YES;
				CLANG_WARN_RANGE_LOOP_ANALYSIS = YES;
				CLANG_WARN_STRICT_PROTOTYPES = YES;
				CLANG_WARN_SUSPICIOUS_MOVE = YES;
				CLANG_WARN_UNGUARDED_AVAILABILITY = YES_AGGRESSIVE;
				CLANG_WARN_UNREACHABLE_CODE = YES;
				CLANG_WARN__DUPLICATE_METHOD_MATCH = YES;
				COPY_PHASE_STRIP = NO;
				DEAD_CODE_STRIPPING = NO;
				DEBUG_INFORMATION_FORMAT = dwarf;
				ENABLE_STRICT_OBJC_MSGSEND = YES;
				ENABLE_TESTABILITY = YES;
				GCC_C_LANGUAGE_STANDARD = gnu11;
				GCC_DYNAMIC_NO_PIC = NO;
				GCC_NO_COMMON_BLOCKS = YES;
				GCC_OPTIMIZATION_LEVEL = 0;
				GCC_PREPROCESSOR_DEFINITIONS = (
					"DEBUG=1",
					"$(inherited)",
				);
				GCC_WARN_64_TO_32_BIT_CONVERSION = YES;
				GCC_WARN_ABOUT_RETURN_TYPE = YES_ERROR;
				GCC_WARN_UNDECLARED_SELECTOR = YES;
				GCC_WARN_UNINITIALIZED_AUTOS = YES_AGGRESSIVE;
				GCC_WARN_UNUSED_FUNCTION = YES;
				GCC_WARN_UNUSED_VARIABLE = YES;
				INFOPLIST_OUTPUT_FORMAT = "same-as-input";
				IPHONEOS_DEPLOYMENT_TARGET = 15.2;
				MTL_ENABLE_DEBUG_INFO = INCLUDE_SOURCE;
				MTL_FAST_MATH = YES;
				ONLY_ACTIVE_ARCH = YES;
				OTHER_LDFLAGS = "$(inherited)";
				OTHER_SWIFT_FLAGS = "-I./CxxIOSInterop/Cxx";
				PLIST_FILE_OUTPUT_FORMAT = "same-as-input";
				SDKROOT = iphoneos;
				STRINGS_FILE_OUTPUT_ENCODING = "UTF-16";
				SWIFT_ACTIVE_COMPILATION_CONDITIONS = DEBUG;
				SWIFT_COMPILATION_MODE = singlefile;
				SWIFT_OPTIMIZATION_LEVEL = "-Onone";
				SWIFT_VERSION = 5.0;
			};
			name = Debug;
		};
		50EBA0E927C9C26F00D09E90 /* Release */ = {
			isa = XCBuildConfiguration;
			buildSettings = {
				ALWAYS_SEARCH_USER_PATHS = NO;
				ARCHS = "$(ARCHS_STANDARD)";
				CLANG_ANALYZER_NONNULL = YES;
				CLANG_ANALYZER_NUMBER_OBJECT_CONVERSION = YES_AGGRESSIVE;
				CLANG_CXX_LANGUAGE_STANDARD = "gnu++17";
				CLANG_CXX_LIBRARY = "libc++";
				CLANG_ENABLE_MODULES = YES;
				CLANG_ENABLE_OBJC_ARC = YES;
				CLANG_ENABLE_OBJC_WEAK = YES;
				CLANG_WARN_BLOCK_CAPTURE_AUTORELEASING = YES;
				CLANG_WARN_BOOL_CONVERSION = YES;
				CLANG_WARN_COMMA = YES;
				CLANG_WARN_CONSTANT_CONVERSION = YES;
				CLANG_WARN_DEPRECATED_OBJC_IMPLEMENTATIONS = YES;
				CLANG_WARN_DIRECT_OBJC_ISA_USAGE = YES_ERROR;
				CLANG_WARN_DOCUMENTATION_COMMENTS = YES;
				CLANG_WARN_EMPTY_BODY = YES;
				CLANG_WARN_ENUM_CONVERSION = YES;
				CLANG_WARN_INFINITE_RECURSION = YES;
				CLANG_WARN_INT_CONVERSION = YES;
				CLANG_WARN_NON_LITERAL_NULL_CONVERSION = YES;
				CLANG_WARN_OBJC_IMPLICIT_RETAIN_SELF = YES;
				CLANG_WARN_OBJC_LITERAL_CONVERSION = YES;
				CLANG_WARN_OBJC_ROOT_CLASS = YES_ERROR;
				CLANG_WARN_QUOTED_INCLUDE_IN_FRAMEWORK_HEADER = YES;
				CLANG_WARN_RANGE_LOOP_ANALYSIS = YES;
				CLANG_WARN_STRICT_PROTOTYPES = YES;
				CLANG_WARN_SUSPICIOUS_MOVE = YES;
				CLANG_WARN_UNGUARDED_AVAILABILITY = YES_AGGRESSIVE;
				CLANG_WARN_UNREACHABLE_CODE = YES;
				CLANG_WARN__DUPLICATE_METHOD_MATCH = YES;
				COPY_PHASE_STRIP = NO;
				DEAD_CODE_STRIPPING = NO;
				DEBUG_INFORMATION_FORMAT = "dwarf-with-dsym";
				ENABLE_NS_ASSERTIONS = NO;
				ENABLE_STRICT_OBJC_MSGSEND = YES;
				GCC_C_LANGUAGE_STANDARD = gnu11;
				GCC_NO_COMMON_BLOCKS = YES;
				GCC_WARN_64_TO_32_BIT_CONVERSION = YES;
				GCC_WARN_ABOUT_RETURN_TYPE = YES_ERROR;
				GCC_WARN_UNDECLARED_SELECTOR = YES;
				GCC_WARN_UNINITIALIZED_AUTOS = YES_AGGRESSIVE;
				GCC_WARN_UNUSED_FUNCTION = YES;
				GCC_WARN_UNUSED_VARIABLE = YES;
				INFOPLIST_OUTPUT_FORMAT = "same-as-input";
				IPHONEOS_DEPLOYMENT_TARGET = 15.2;
				MTL_ENABLE_DEBUG_INFO = NO;
				MTL_FAST_MATH = YES;
				ONLY_ACTIVE_ARCH = YES;
				OTHER_LDFLAGS = "$(inherited)";
				OTHER_SWIFT_FLAGS = "-I./CxxIOSInterop/Cxx";
				PLIST_FILE_OUTPUT_FORMAT = "same-as-input";
				SDKROOT = iphoneos;
				STRINGS_FILE_OUTPUT_ENCODING = "UTF-16";
				SWIFT_COMPILATION_MODE = singlefile;
				SWIFT_OPTIMIZATION_LEVEL = "-O";
				SWIFT_VERSION = 5.0;
				VALIDATE_PRODUCT = NO;
			};
			name = Release;
		};
		50EBA0EB27C9C26F00D09E90 /* Debug */ = {
			isa = XCBuildConfiguration;
			buildSettings = {
				ARCHS = "$(ARCHS_STANDARD)";
				ASSETCATALOG_COMPILER_APPICON_NAME = AppIcon;
				ASSETCATALOG_COMPILER_GLOBAL_ACCENT_COLOR_NAME = AccentColor;
				CLANG_ENABLE_MODULES = YES;
				CODE_SIGN_STYLE = Automatic;
				CURRENT_PROJECT_VERSION = 1;
				DEVELOPMENT_TEAM = MD99PJ2344;
				GCC_SYMBOLS_PRIVATE_EXTERN = YES;
				GENERATE_INFOPLIST_FILE = YES;
				INFOPLIST_FILE = CxxIOSInterop/Info.plist;
				INFOPLIST_KEY_UIApplicationSupportsIndirectInputEvents = YES;
				INFOPLIST_KEY_UILaunchStoryboardName = LaunchScreen;
				INFOPLIST_KEY_UIMainStoryboardFile = Main;
				INFOPLIST_KEY_UISupportedInterfaceOrientations_iPad = "UIInterfaceOrientationPortrait UIInterfaceOrientationPortraitUpsideDown UIInterfaceOrientationLandscapeLeft UIInterfaceOrientationLandscapeRight";
				INFOPLIST_KEY_UISupportedInterfaceOrientations_iPhone = "UIInterfaceOrientationPortrait UIInterfaceOrientationLandscapeLeft UIInterfaceOrientationLandscapeRight";
				LD_RUNPATH_SEARCH_PATHS = (
					"$(inherited)",
					"@executable_path/Frameworks",
				);
				MARKETING_VERSION = 1.0;
				OTHER_LDFLAGS = "$(inherited)";
				OTHER_SWIFT_FLAGS = "-I./CxxIOSInterop/Cxx";
				PRODUCT_BUNDLE_IDENTIFIER = cabmeurer.CxxIOSInterop;
				PRODUCT_NAME = "$(TARGET_NAME)";
				SWIFT_EMIT_LOC_STRINGS = YES;
				SWIFT_INCLUDE_PATHS = "";
				SWIFT_OBJC_BRIDGING_HEADER = "CxxIOSInterop/CxxIOSInterop-Bridging-Header.h";
				SWIFT_OPTIMIZATION_LEVEL = "-Onone";
				SWIFT_VERSION = 5.0;
				TARGETED_DEVICE_FAMILY = "1,2";
			};
			name = Debug;
		};
		50EBA0EC27C9C26F00D09E90 /* Release */ = {
			isa = XCBuildConfiguration;
			buildSettings = {
				ARCHS = "$(ARCHS_STANDARD)";
				ASSETCATALOG_COMPILER_APPICON_NAME = AppIcon;
				ASSETCATALOG_COMPILER_GLOBAL_ACCENT_COLOR_NAME = AccentColor;
				CLANG_ENABLE_MODULES = YES;
				CODE_SIGN_STYLE = Automatic;
				CURRENT_PROJECT_VERSION = 1;
				DEVELOPMENT_TEAM = MD99PJ2344;
				GCC_SYMBOLS_PRIVATE_EXTERN = YES;
				GENERATE_INFOPLIST_FILE = YES;
				INFOPLIST_FILE = CxxIOSInterop/Info.plist;
				INFOPLIST_KEY_UIApplicationSupportsIndirectInputEvents = YES;
				INFOPLIST_KEY_UILaunchStoryboardName = LaunchScreen;
				INFOPLIST_KEY_UIMainStoryboardFile = Main;
				INFOPLIST_KEY_UISupportedInterfaceOrientations_iPad = "UIInterfaceOrientationPortrait UIInterfaceOrientationPortraitUpsideDown UIInterfaceOrientationLandscapeLeft UIInterfaceOrientationLandscapeRight";
				INFOPLIST_KEY_UISupportedInterfaceOrientations_iPhone = "UIInterfaceOrientationPortrait UIInterfaceOrientationLandscapeLeft UIInterfaceOrientationLandscapeRight";
				LD_RUNPATH_SEARCH_PATHS = (
					"$(inherited)",
					"@executable_path/Frameworks",
				);
				MARKETING_VERSION = 1.0;
				OTHER_LDFLAGS = "$(inherited)";
				OTHER_SWIFT_FLAGS = "-I./CxxIOSInterop/Cxx";
				PRODUCT_BUNDLE_IDENTIFIER = cabmeurer.CxxIOSInterop;
				PRODUCT_NAME = "$(TARGET_NAME)";
				SWIFT_EMIT_LOC_STRINGS = YES;
				SWIFT_INCLUDE_PATHS = "";
				SWIFT_OBJC_BRIDGING_HEADER = "CxxIOSInterop/CxxIOSInterop-Bridging-Header.h";
				SWIFT_VERSION = 5.0;
				TARGETED_DEVICE_FAMILY = "1,2";
			};
			name = Release;
		};
/* End XCBuildConfiguration section */

/* Begin XCConfigurationList section */
		50EBA0D127C9C26C00D09E90 /* Build configuration list for PBXProject "CxxIOSInterop" */ = {
			isa = XCConfigurationList;
			buildConfigurations = (
				50EBA0E827C9C26F00D09E90 /* Debug */,
				50EBA0E927C9C26F00D09E90 /* Release */,
			);
			defaultConfigurationIsVisible = 0;
			defaultConfigurationName = Release;
		};
		50EBA0EA27C9C26F00D09E90 /* Build configuration list for PBXNativeTarget "CxxIOSInterop" */ = {
			isa = XCConfigurationList;
			buildConfigurations = (
				50EBA0EB27C9C26F00D09E90 /* Debug */,
				50EBA0EC27C9C26F00D09E90 /* Release */,
			);
			defaultConfigurationIsVisible = 0;
			defaultConfigurationName = Release;
		};
/* End XCConfigurationList section */
	};
	rootObject = 50EBA0CE27C9C26C00D09E90 /* Project object */;
}
